
Microsoft Visual Studio Solution File, Format Version 12.00
# Visual Studio Version 17
VisualStudioVersion = 17.12.35707.178 d17.12
MinimumVisualStudioVersion = 10.0.40219.1
Project("{FAE04EC0-301F-11D3-BF4B-00C04F79EFBC}") = "TaskManager_Angular_ASPNETCore", "TaskManager_Angular_ASPNETCore\TaskManager_Angular_ASPNETCore.csproj", "{BC7C8427-0EE6-4A64-BE17-82D7FEB04A41}"
EndProject
Project("{FAE04EC0-301F-11D3-BF4B-00C04F79EFBC}") = "Entities", "Entities\Entities.csproj", "{3450B04B-033C-4AE0-97AA-0EBDA1E24D91}"
EndProject
Project("{FAE04EC0-301F-11D3-BF4B-00C04F79EFBC}") = "Servicies", "Servicies\Servicies.csproj", "{AA77B0BE-2278-4E86-B743-D91C4247C03D}"
EndProject
Project("{FAE04EC0-301F-11D3-BF4B-00C04F79EFBC}") = "Repositories", "Repositories\Repositories.csproj", "{B4485837-96B9-4C59-994E-A25F23714F8C}"
EndProject
Project("{FAE04EC0-301F-11D3-BF4B-00C04F79EFBC}") = "ServiceContracts", "ServiceContracts\ServiceContracts.csproj", "{A57F0AC2-7746-4AD1-8200-B4F2ABA0D15F}"
EndProject
Project("{FAE04EC0-301F-11D3-BF4B-00C04F79EFBC}") = "RepositoryContracts", "RepositoryContracts\RepositoryContracts.csproj", "{A0F44D7E-E505-4551-8FBD-04E6909C586B}"
EndProject
Global
	GlobalSection(SolutionConfigurationPlatforms) = preSolution
		Debug|Any CPU = Debug|Any CPU
		Release|Any CPU = Release|Any CPU
	EndGlobalSection
	GlobalSection(ProjectConfigurationPlatforms) = postSolution
		{BC7C8427-0EE6-4A64-BE17-82D7FEB04A41}.Debug|Any CPU.ActiveCfg = Debug|Any CPU
		{BC7C8427-0EE6-4A64-BE17-82D7FEB04A41}.Debug|Any CPU.Build.0 = Debug|Any CPU
		{BC7C8427-0EE6-4A64-BE17-82D7FEB04A41}.Release|Any CPU.ActiveCfg = Release|Any CPU
		{BC7C8427-0EE6-4A64-BE17-82D7FEB04A41}.Release|Any CPU.Build.0 = Release|Any CPU
		{3450B04B-033C-4AE0-97AA-0EBDA1E24D91}.Debug|Any CPU.ActiveCfg = Debug|Any CPU
		{3450B04B-033C-4AE0-97AA-0EBDA1E24D91}.Debug|Any CPU.Build.0 = Debug|Any CPU
		{3450B04B-033C-4AE0-97AA-0EBDA1E24D91}.Release|Any CPU.ActiveCfg = Release|Any CPU
		{3450B04B-033C-4AE0-97AA-0EBDA1E24D91}.Release|Any CPU.Build.0 = Release|Any CPU
		{AA77B0BE-2278-4E86-B743-D91C4247C03D}.Debug|Any CPU.ActiveCfg = Debug|Any CPU
		{AA77B0BE-2278-4E86-B743-D91C4247C03D}.Debug|Any CPU.Build.0 = Debug|Any CPU
		{AA77B0BE-2278-4E86-B743-D91C4247C03D}.Release|Any CPU.ActiveCfg = Release|Any CPU
		{AA77B0BE-2278-4E86-B743-D91C4247C03D}.Release|Any CPU.Build.0 = Release|Any CPU
		{B4485837-96B9-4C59-994E-A25F23714F8C}.Debug|Any CPU.ActiveCfg = Debug|Any CPU
		{B4485837-96B9-4C59-994E-A25F23714F8C}.Debug|Any CPU.Build.0 = Debug|Any CPU
		{B4485837-96B9-4C59-994E-A25F23714F8C}.Release|Any CPU.ActiveCfg = Release|Any CPU
		{B4485837-96B9-4C59-994E-A25F23714F8C}.Release|Any CPU.Build.0 = Release|Any CPU
		{A57F0AC2-7746-4AD1-8200-B4F2ABA0D15F}.Debug|Any CPU.ActiveCfg = Debug|Any CPU
		{A57F0AC2-7746-4AD1-8200-B4F2ABA0D15F}.Debug|Any CPU.Build.0 = Debug|Any CPU
		{A57F0AC2-7746-4AD1-8200-B4F2ABA0D15F}.Release|Any CPU.ActiveCfg = Release|Any CPU
		{A57F0AC2-7746-4AD1-8200-B4F2ABA0D15F}.Release|Any CPU.Build.0 = Release|Any CPU
		{A0F44D7E-E505-4551-8FBD-04E6909C586B}.Debug|Any CPU.ActiveCfg = Debug|Any CPU
		{A0F44D7E-E505-4551-8FBD-04E6909C586B}.Debug|Any CPU.Build.0 = Debug|Any CPU
		{A0F44D7E-E505-4551-8FBD-04E6909C586B}.Release|Any CPU.ActiveCfg = Release|Any CPU
		{A0F44D7E-E505-4551-8FBD-04E6909C586B}.Release|Any CPU.Build.0 = Release|Any CPU
	EndGlobalSection
	GlobalSection(SolutionProperties) = preSolution
		HideSolutionNode = FALSE
	EndGlobalSection
EndGlobal
